
Microsoft Visual Studio Solution File, Format Version 12.00
# Visual Studio Version 17
VisualStudioVersion = 17.12.35527.113 d17.12
MinimumVisualStudioVersion = 10.0.40219.1
Project("{FAE04EC0-301F-11D3-BF4B-00C04F79EFBC}") = "Entities", "Entities\Entities.csproj", "{669388AD-099E-401B-8D6A-E247964BCA12}"
EndProject
Project("{2150E333-8FDC-42A3-9474-1A3956D46DE8}") = "1 API", "1 API", "{6B609FD9-2D27-4008-AD62-EE7A87C75712}"
EndProject
Project("{2150E333-8FDC-42A3-9474-1A3956D46DE8}") = "2 Domain", "2 Domain", "{C2922916-FB8A-4398-921A-4F5465E77A85}"
EndProject
Project("{2150E333-8FDC-42A3-9474-1A3956D46DE8}") = "3 Infra", "3 Infra", "{3A7B87EC-09AD-45F6-9C92-862BA847821B}"
EndProject
Project("{2150E333-8FDC-42A3-9474-1A3956D46DE8}") = "4 Entities", "4 Entities", "{4EA160F7-20B4-4144-BC4A-6657F08D954A}"
EndProject
Project("{2150E333-8FDC-42A3-9474-1A3956D46DE8}") = "5 Testes", "5 Testes", "{F67C7024-CAEE-474B-A319-B4E90FA5391B}"
EndProject
Project("{FAE04EC0-301F-11D3-BF4B-00C04F79EFBC}") = "Infraestructure", "Infraestructure\Infraestructure.csproj", "{B7F8D817-1ECD-4660-8C5D-62344EA013E3}"
EndProject
Project("{FAE04EC0-301F-11D3-BF4B-00C04F79EFBC}") = "Domain", "Domain\Domain.csproj", "{37DCE420-FC60-4EEE-8B9C-F08CE4EC1DEE}"
EndProject
Global
	GlobalSection(SolutionConfigurationPlatforms) = preSolution
		Debug|Any CPU = Debug|Any CPU
		Release|Any CPU = Release|Any CPU
	EndGlobalSection
	GlobalSection(ProjectConfigurationPlatforms) = postSolution
		{669388AD-099E-401B-8D6A-E247964BCA12}.Debug|Any CPU.ActiveCfg = Debug|Any CPU
		{669388AD-099E-401B-8D6A-E247964BCA12}.Debug|Any CPU.Build.0 = Debug|Any CPU
		{669388AD-099E-401B-8D6A-E247964BCA12}.Release|Any CPU.ActiveCfg = Release|Any CPU
		{669388AD-099E-401B-8D6A-E247964BCA12}.Release|Any CPU.Build.0 = Release|Any CPU
		{B7F8D817-1ECD-4660-8C5D-62344EA013E3}.Debug|Any CPU.ActiveCfg = Debug|Any CPU
		{B7F8D817-1ECD-4660-8C5D-62344EA013E3}.Debug|Any CPU.Build.0 = Debug|Any CPU
		{B7F8D817-1ECD-4660-8C5D-62344EA013E3}.Release|Any CPU.ActiveCfg = Release|Any CPU
		{B7F8D817-1ECD-4660-8C5D-62344EA013E3}.Release|Any CPU.Build.0 = Release|Any CPU
		{37DCE420-FC60-4EEE-8B9C-F08CE4EC1DEE}.Debug|Any CPU.ActiveCfg = Debug|Any CPU
		{37DCE420-FC60-4EEE-8B9C-F08CE4EC1DEE}.Debug|Any CPU.Build.0 = Debug|Any CPU
		{37DCE420-FC60-4EEE-8B9C-F08CE4EC1DEE}.Release|Any CPU.ActiveCfg = Release|Any CPU
		{37DCE420-FC60-4EEE-8B9C-F08CE4EC1DEE}.Release|Any CPU.Build.0 = Release|Any CPU
	EndGlobalSection
	GlobalSection(SolutionProperties) = preSolution
		HideSolutionNode = FALSE
	EndGlobalSection
	GlobalSection(NestedProjects) = preSolution
		{669388AD-099E-401B-8D6A-E247964BCA12} = {4EA160F7-20B4-4144-BC4A-6657F08D954A}
		{B7F8D817-1ECD-4660-8C5D-62344EA013E3} = {3A7B87EC-09AD-45F6-9C92-862BA847821B}
		{37DCE420-FC60-4EEE-8B9C-F08CE4EC1DEE} = {C2922916-FB8A-4398-921A-4F5465E77A85}
	EndGlobalSection
EndGlobal
